
Microsoft Visual Studio Solution File, Format Version 12.00
# Visual Studio Version 16
VisualStudioVersion = 16.0.31205.134
MinimumVisualStudioVersion = 10.0.40219.1
Project("{FAE04EC0-301F-11D3-BF4B-00C04F79EFBC}") = "NetCore.Demos.Ado", "NetCore.Demos.Ado\NetCore.Demos.Ado.csproj", "{39D52A32-59C9-44DA-A2BD-DEF73F034E68}"
EndProject
Project("{FAE04EC0-301F-11D3-BF4B-00C04F79EFBC}") = "NetCore.Demos.AbstractFactory", "NetCore.Demos.AbstractFactory\NetCore.Demos.AbstractFactory.csproj", "{04EA1DC7-D09F-4A3A-8CF7-93EAC1D5FB81}"
EndProject
Project("{FAE04EC0-301F-11D3-BF4B-00C04F79EFBC}") = "NetCore.Demos.ConsoToolBox", "NetCore.Demos.ConsoToolBox\NetCore.Demos.ConsoToolBox.csproj", "{1902ED38-B8B0-411A-866A-EE8D37B27D82}"
EndProject
Global
	GlobalSection(SolutionConfigurationPlatforms) = preSolution
		Debug|Any CPU = Debug|Any CPU
		Release|Any CPU = Release|Any CPU
	EndGlobalSection
	GlobalSection(ProjectConfigurationPlatforms) = postSolution
		{39D52A32-59C9-44DA-A2BD-DEF73F034E68}.Debug|Any CPU.ActiveCfg = Debug|Any CPU
		{39D52A32-59C9-44DA-A2BD-DEF73F034E68}.Debug|Any CPU.Build.0 = Debug|Any CPU
		{39D52A32-59C9-44DA-A2BD-DEF73F034E68}.Release|Any CPU.ActiveCfg = Release|Any CPU
		{39D52A32-59C9-44DA-A2BD-DEF73F034E68}.Release|Any CPU.Build.0 = Release|Any CPU
		{04EA1DC7-D09F-4A3A-8CF7-93EAC1D5FB81}.Debug|Any CPU.ActiveCfg = Debug|Any CPU
		{04EA1DC7-D09F-4A3A-8CF7-93EAC1D5FB81}.Debug|Any CPU.Build.0 = Debug|Any CPU
		{04EA1DC7-D09F-4A3A-8CF7-93EAC1D5FB81}.Release|Any CPU.ActiveCfg = Release|Any CPU
		{04EA1DC7-D09F-4A3A-8CF7-93EAC1D5FB81}.Release|Any CPU.Build.0 = Release|Any CPU
		{1902ED38-B8B0-411A-866A-EE8D37B27D82}.Debug|Any CPU.ActiveCfg = Debug|Any CPU
		{1902ED38-B8B0-411A-866A-EE8D37B27D82}.Debug|Any CPU.Build.0 = Debug|Any CPU
		{1902ED38-B8B0-411A-866A-EE8D37B27D82}.Release|Any CPU.ActiveCfg = Release|Any CPU
		{1902ED38-B8B0-411A-866A-EE8D37B27D82}.Release|Any CPU.Build.0 = Release|Any CPU
	EndGlobalSection
	GlobalSection(SolutionProperties) = preSolution
		HideSolutionNode = FALSE
	EndGlobalSection
	GlobalSection(ExtensibilityGlobals) = postSolution
		SolutionGuid = {42AB65B7-9CD7-4C5C-8E2F-5500FDF93C5C}
	EndGlobalSection
EndGlobal
